
Microsoft Visual Studio Solution File, Format Version 12.00
# Visual Studio Version 16
VisualStudioVersion = 16.0.29709.97
MinimumVisualStudioVersion = 10.0.40219.1
Project("{FAE04EC0-301F-11D3-BF4B-00C04F79EFBC}") = "2", "2\2.csproj", "{984C3143-8D64-4C3C-AD26-3C1561AC2944}"
EndProject
Global
	GlobalSection(SolutionConfigurationPlatforms) = preSolution
		Debug|Any CPU = Debug|Any CPU
		Release|Any CPU = Release|Any CPU
	EndGlobalSection
	GlobalSection(ProjectConfigurationPlatforms) = postSolution
		{984C3143-8D64-4C3C-AD26-3C1561AC2944}.Debug|Any CPU.ActiveCfg = Debug|Any CPU
		{984C3143-8D64-4C3C-AD26-3C1561AC2944}.Debug|Any CPU.Build.0 = Debug|Any CPU
		{984C3143-8D64-4C3C-AD26-3C1561AC2944}.Release|Any CPU.ActiveCfg = Release|Any CPU
		{984C3143-8D64-4C3C-AD26-3C1561AC2944}.Release|Any CPU.Build.0 = Release|Any CPU
	EndGlobalSection
	GlobalSection(SolutionProperties) = preSolution
		HideSolutionNode = FALSE
	EndGlobalSection
	GlobalSection(ExtensibilityGlobals) = postSolution
		SolutionGuid = {51C8B309-8496-4921-AD99-166DEB58BB1C}
	EndGlobalSection
EndGlobal
